github.com/google/pprof v0.0.0-20230406165453-00490a63f317 h1:hFhpt7CTmR3DX+b4R19ydQFtofxT0Sv3QsKNMVQYTMQ=
github.com/google/pprof v0.0.0-20230406165453-00490a63f317/go.mod h1:79YE0hCXdHag9sBkw2o+N/YnZtTkXi0UT9Nnixa5eYk=
github.com/tetratelabs/wazero v1.2.0 h1:I/8LMf4YkCZ3r2XaL9whhA0VMyAvF6QE+O7rco0DCeQ=
github.com/tetratelabs/wazero v1.2.0/go.mod h1:wYx2gNRg8/WihJfSDxA1TIL8H+GkfLYm+bIfbblu9VQ=
golang.org/x/exp v0.0.0-20230425010034-47ecfdc1ba53 h1:5llv2sWeaMSnA3w2kS57ouQQ4pudlXrR0dCgw51QK9o=
golang.org/x/exp v0.0.0-20230425010034-47ecfdc1ba53/go.mod h1:V1LtkGg67GoY2N1AnLN78QLrzxkLyJw7RJb1gzOOz9w=
